
Microsoft Visual Studio Solution File, Format Version 12.00
# Visual Studio Version 17
VisualStudioVersion = 17.4.33110.190
MinimumVisualStudioVersion = 10.0.40219.1
Project("{9A19103F-16F7-4668-BE54-9A1E7A4F7556}") = "Autentific", "Autentific.csproj", "{6EAB4308-C9AE-4B71-BF70-BEBDD7445499}"
EndProject
Global
	GlobalSection(SolutionConfigurationPlatforms) = preSolution
		Debug|Any CPU = Debug|Any CPU
		Release|Any CPU = Release|Any CPU
	EndGlobalSection
	GlobalSection(ProjectConfigurationPlatforms) = postSolution
		{6EAB4308-C9AE-4B71-BF70-BEBDD7445499}.Debug|Any CPU.ActiveCfg = Debug|Any CPU
		{6EAB4308-C9AE-4B71-BF70-BEBDD7445499}.Debug|Any CPU.Build.0 = Debug|Any CPU
		{6EAB4308-C9AE-4B71-BF70-BEBDD7445499}.Release|Any CPU.ActiveCfg = Release|Any CPU
		{6EAB4308-C9AE-4B71-BF70-BEBDD7445499}.Release|Any CPU.Build.0 = Release|Any CPU
	EndGlobalSection
	GlobalSection(SolutionProperties) = preSolution
		HideSolutionNode = FALSE
	EndGlobalSection
	GlobalSection(ExtensibilityGlobals) = postSolution
		SolutionGuid = {C26974DD-908C-4A1A-A392-2994B5C0D7F7}
	EndGlobalSection
EndGlobal
